
Microsoft Visual Studio Solution File, Format Version 12.00
# Visual Studio Version 17
VisualStudioVersion = 17.9.34701.34
MinimumVisualStudioVersion = 10.0.40219.1
Project("{9A19103F-16F7-4668-BE54-9A1E7A4F7556}") = "TestTask", "TestTask.csproj", "{AEFD922D-A6A1-491A-B86D-10647B1FBB07}"
EndProject
Global
	GlobalSection(SolutionConfigurationPlatforms) = preSolution
		Debug|Any CPU = Debug|Any CPU
		Release|Any CPU = Release|Any CPU
	EndGlobalSection
	GlobalSection(ProjectConfigurationPlatforms) = postSolution
		{AEFD922D-A6A1-491A-B86D-10647B1FBB07}.Debug|Any CPU.ActiveCfg = Debug|Any CPU
		{AEFD922D-A6A1-491A-B86D-10647B1FBB07}.Debug|Any CPU.Build.0 = Debug|Any CPU
		{AEFD922D-A6A1-491A-B86D-10647B1FBB07}.Release|Any CPU.ActiveCfg = Release|Any CPU
		{AEFD922D-A6A1-491A-B86D-10647B1FBB07}.Release|Any CPU.Build.0 = Release|Any CPU
	EndGlobalSection
	GlobalSection(SolutionProperties) = preSolution
		HideSolutionNode = FALSE
	EndGlobalSection
	GlobalSection(ExtensibilityGlobals) = postSolution
		SolutionGuid = {C43CB820-C772-4B77-B6A0-FC39CEDD6252}
	EndGlobalSection
EndGlobal
